# This file is autogenerated, do not edit; changes may be undone by the next 'dep ensure'.


[[projects]]
  name = "github.com/angelbarrera92/hasselhoffme"
  packages = ["images"]
  revision = "a0f78ab94cdb03b870c57cf154273bad7eb4fcf2"
  version = "0.0.7"

[[projects]]
  branch = "master"
  name = "github.com/reujab/wallpaper"
  packages = ["."]
  revision = "c6a870f754f9be4aa7930ee73d138dfcda684ff9"

[[projects]]
  branch = "master"
  name = "golang.org/x/net"
  packages = [
    "html",
    "html/atom"
  ]
  revision = "640f4622ab692b87c2f3a94265e6f579fe38263d"

[[projects]]
  name = "gopkg.in/ini.v1"
  packages = ["."]
  revision = "6529cf7c58879c08d927016dde4477f18a0634cb"
  version = "v1.36.0"

[[projects]]
  name = "gopkg.in/yaml.v2"
  packages = ["."]
  revision = "5420a8b6744d3b0345ab293f6fcba19c978f1183"
  version = "v2.2.1"

[solve-meta]
  analyzer-name = "dep"
  analyzer-version = 1
  inputs-digest = "9ff13e8da92124c805a50801e01b5bbf4dc4f5b282aa78bb6c5a39956510b303"
  solver-name = "gps-cdcl"
  solver-version = 1
