# This file is autogenerated, do not edit; changes may be undone by the next 'dep ensure'.


[[projects]]
  branch = "master"
  name = "github.com/moovweb/gokogiri"
  packages = [
    ".",
    "help",
    "html",
    "util",
    "xml",
    "xpath"
  ]
  revision = "eafc181356de1da75468a7bdf54b430393f9c0e3"

[[projects]]
  branch = "master"
  name = "github.com/reujab/wallpaper"
  packages = ["."]
  revision = "c6a870f754f9be4aa7930ee73d138dfcda684ff9"

[[projects]]
  name = "gopkg.in/ini.v1"
  packages = ["."]
  revision = "6529cf7c58879c08d927016dde4477f18a0634cb"
  version = "v1.36.0"

[[projects]]
  name = "gopkg.in/yaml.v2"
  packages = ["."]
  revision = "5420a8b6744d3b0345ab293f6fcba19c978f1183"
  version = "v2.2.1"

[solve-meta]
  analyzer-name = "dep"
  analyzer-version = 1
  inputs-digest = "166d2d7963d0560bd035257f06b5ce7d0a49d141b06ae47b90b1eb6ab760b446"
  solver-name = "gps-cdcl"
  solver-version = 1
